
Microsoft Visual Studio Solution File, Format Version 12.00
# Visual Studio Version 16
VisualStudioVersion = 16.0.32413.511
MinimumVisualStudioVersion = 10.0.40219.1
Project("{FAE04EC0-301F-11D3-BF4B-00C04F79EFBC}") = "HW_6", "HW_6\HW_6.csproj", "{7D1BE3F2-DF75-4C38-985C-73C92E70B5D3}"
EndProject
Global
	GlobalSection(SolutionConfigurationPlatforms) = preSolution
		Debug|Any CPU = Debug|Any CPU
		Release|Any CPU = Release|Any CPU
	EndGlobalSection
	GlobalSection(ProjectConfigurationPlatforms) = postSolution
		{7D1BE3F2-DF75-4C38-985C-73C92E70B5D3}.Debug|Any CPU.ActiveCfg = Debug|Any CPU
		{7D1BE3F2-DF75-4C38-985C-73C92E70B5D3}.Debug|Any CPU.Build.0 = Debug|Any CPU
		{7D1BE3F2-DF75-4C38-985C-73C92E70B5D3}.Release|Any CPU.ActiveCfg = Release|Any CPU
		{7D1BE3F2-DF75-4C38-985C-73C92E70B5D3}.Release|Any CPU.Build.0 = Release|Any CPU
	EndGlobalSection
	GlobalSection(SolutionProperties) = preSolution
		HideSolutionNode = FALSE
	EndGlobalSection
	GlobalSection(ExtensibilityGlobals) = postSolution
		SolutionGuid = {4625858A-6B8B-480C-90C6-DFFF9357DE11}
	EndGlobalSection
EndGlobal
